
Microsoft Visual Studio Solution File, Format Version 12.00
# Visual Studio 15
Project("{FAE04EC0-301F-11D3-BF4B-00C04F79EFBC}") = "Assembly-CSharp", "Assembly-CSharp.csproj", "{FFA5F8F2-F88D-B933-8661-08F7224B40DC}"
EndProject
Project("{FAE04EC0-301F-11D3-BF4B-00C04F79EFBC}") = "Assembly-CSharp-Editor", "Assembly-CSharp-Editor.csproj", "{4BF62709-F928-68CF-2A2E-95E5FFBD64C0}"
EndProject
Global
	GlobalSection(SolutionConfigurationPlatforms) = preSolution
		Debug|Any CPU = Debug|Any CPU
		Release|Any CPU = Release|Any CPU
	EndGlobalSection
	GlobalSection(ProjectConfigurationPlatforms) = postSolution
		{FFA5F8F2-F88D-B933-8661-08F7224B40DC}.Debug|Any CPU.ActiveCfg = Debug|Any CPU
		{FFA5F8F2-F88D-B933-8661-08F7224B40DC}.Debug|Any CPU.Build.0 = Debug|Any CPU
		{FFA5F8F2-F88D-B933-8661-08F7224B40DC}.Release|Any CPU.ActiveCfg = Release|Any CPU
		{FFA5F8F2-F88D-B933-8661-08F7224B40DC}.Release|Any CPU.Build.0 = Release|Any CPU
		{4BF62709-F928-68CF-2A2E-95E5FFBD64C0}.Debug|Any CPU.ActiveCfg = Debug|Any CPU
		{4BF62709-F928-68CF-2A2E-95E5FFBD64C0}.Debug|Any CPU.Build.0 = Debug|Any CPU
		{4BF62709-F928-68CF-2A2E-95E5FFBD64C0}.Release|Any CPU.ActiveCfg = Release|Any CPU
		{4BF62709-F928-68CF-2A2E-95E5FFBD64C0}.Release|Any CPU.Build.0 = Release|Any CPU
	EndGlobalSection
	GlobalSection(SolutionProperties) = preSolution
		HideSolutionNode = FALSE
	EndGlobalSection
EndGlobal
