
Microsoft Visual Studio Solution File, Format Version 12.00
# Visual Studio 16
Project("{FAE04EC0-301F-11D3-BF4B-00C04F79EFBC}") = "Assembly-CSharp", "Assembly-CSharp.csproj", "{BC43A447-E650-12F8-3813-0D86D3BE7F94}"
EndProject
Project("{FAE04EC0-301F-11D3-BF4B-00C04F79EFBC}") = "Assembly-CSharp-Editor", "Assembly-CSharp-Editor.csproj", "{937E613C-6414-5366-C3BB-35CFD72C102A}"
EndProject
Global
	GlobalSection(SolutionConfigurationPlatforms) = preSolution
		Debug|Any CPU = Debug|Any CPU
		Release|Any CPU = Release|Any CPU
	EndGlobalSection
	GlobalSection(ProjectConfigurationPlatforms) = postSolution
		{BC43A447-E650-12F8-3813-0D86D3BE7F94}.Debug|Any CPU.ActiveCfg = Debug|Any CPU
		{BC43A447-E650-12F8-3813-0D86D3BE7F94}.Debug|Any CPU.Build.0 = Debug|Any CPU
		{BC43A447-E650-12F8-3813-0D86D3BE7F94}.Release|Any CPU.ActiveCfg = Release|Any CPU
		{BC43A447-E650-12F8-3813-0D86D3BE7F94}.Release|Any CPU.Build.0 = Release|Any CPU
		{937E613C-6414-5366-C3BB-35CFD72C102A}.Debug|Any CPU.ActiveCfg = Debug|Any CPU
		{937E613C-6414-5366-C3BB-35CFD72C102A}.Debug|Any CPU.Build.0 = Debug|Any CPU
		{937E613C-6414-5366-C3BB-35CFD72C102A}.Release|Any CPU.ActiveCfg = Release|Any CPU
		{937E613C-6414-5366-C3BB-35CFD72C102A}.Release|Any CPU.Build.0 = Release|Any CPU
	EndGlobalSection
	GlobalSection(SolutionProperties) = preSolution
		HideSolutionNode = FALSE
	EndGlobalSection
EndGlobal
